
Microsoft Visual Studio Solution File, Format Version 12.00
# Visual Studio Version 17
VisualStudioVersion = 17.7.34024.191
MinimumVisualStudioVersion = 10.0.40219.1
Project("{9A19103F-16F7-4668-BE54-9A1E7A4F7556}") = "Views", "D:\TryOut\Views\Views.csproj", "{77CAC233-3B7D-4049-8190-65858B61E953}"
EndProject
Project("{9A19103F-16F7-4668-BE54-9A1E7A4F7556}") = "Domain", "D:\TryOut\Domain\Domain.csproj", "{7E1DBFF2-B346-48E8-81F5-D35F16A83440}"
EndProject
Project("{9A19103F-16F7-4668-BE54-9A1E7A4F7556}") = "Infrastructure", "D:\TryOut\Infrastructure\Infrastructure.csproj", "{1800DFF2-1CB0-4F45-800B-A298D4889BCB}"
EndProject
Project("{9A19103F-16F7-4668-BE54-9A1E7A4F7556}") = "Applicacion", "D:\TryOut\Application\Applicacion.csproj", "{FF95E59A-D2A1-4B45-9C04-452DB5D7DC57}"
EndProject
Project("{FAE04EC0-301F-11D3-BF4B-00C04F79EFBC}") = "ConsolaTest", "ConsolaTest\ConsolaTest.csproj", "{0D545C95-0364-4F12-BB5A-BC36BD88FA1A}"
EndProject
Global
	GlobalSection(SolutionConfigurationPlatforms) = preSolution
		Debug|Any CPU = Debug|Any CPU
		Release|Any CPU = Release|Any CPU
	EndGlobalSection
	GlobalSection(ProjectConfigurationPlatforms) = postSolution
		{77CAC233-3B7D-4049-8190-65858B61E953}.Debug|Any CPU.ActiveCfg = Debug|Any CPU
		{77CAC233-3B7D-4049-8190-65858B61E953}.Debug|Any CPU.Build.0 = Debug|Any CPU
		{77CAC233-3B7D-4049-8190-65858B61E953}.Release|Any CPU.ActiveCfg = Release|Any CPU
		{77CAC233-3B7D-4049-8190-65858B61E953}.Release|Any CPU.Build.0 = Release|Any CPU
		{7E1DBFF2-B346-48E8-81F5-D35F16A83440}.Debug|Any CPU.ActiveCfg = Debug|Any CPU
		{7E1DBFF2-B346-48E8-81F5-D35F16A83440}.Debug|Any CPU.Build.0 = Debug|Any CPU
		{7E1DBFF2-B346-48E8-81F5-D35F16A83440}.Release|Any CPU.ActiveCfg = Release|Any CPU
		{7E1DBFF2-B346-48E8-81F5-D35F16A83440}.Release|Any CPU.Build.0 = Release|Any CPU
		{1800DFF2-1CB0-4F45-800B-A298D4889BCB}.Debug|Any CPU.ActiveCfg = Debug|Any CPU
		{1800DFF2-1CB0-4F45-800B-A298D4889BCB}.Debug|Any CPU.Build.0 = Debug|Any CPU
		{1800DFF2-1CB0-4F45-800B-A298D4889BCB}.Release|Any CPU.ActiveCfg = Release|Any CPU
		{1800DFF2-1CB0-4F45-800B-A298D4889BCB}.Release|Any CPU.Build.0 = Release|Any CPU
		{FF95E59A-D2A1-4B45-9C04-452DB5D7DC57}.Debug|Any CPU.ActiveCfg = Debug|Any CPU
		{FF95E59A-D2A1-4B45-9C04-452DB5D7DC57}.Debug|Any CPU.Build.0 = Debug|Any CPU
		{FF95E59A-D2A1-4B45-9C04-452DB5D7DC57}.Release|Any CPU.ActiveCfg = Release|Any CPU
		{FF95E59A-D2A1-4B45-9C04-452DB5D7DC57}.Release|Any CPU.Build.0 = Release|Any CPU
		{0D545C95-0364-4F12-BB5A-BC36BD88FA1A}.Debug|Any CPU.ActiveCfg = Debug|Any CPU
		{0D545C95-0364-4F12-BB5A-BC36BD88FA1A}.Debug|Any CPU.Build.0 = Debug|Any CPU
		{0D545C95-0364-4F12-BB5A-BC36BD88FA1A}.Release|Any CPU.ActiveCfg = Release|Any CPU
		{0D545C95-0364-4F12-BB5A-BC36BD88FA1A}.Release|Any CPU.Build.0 = Release|Any CPU
	EndGlobalSection
	GlobalSection(SolutionProperties) = preSolution
		HideSolutionNode = FALSE
	EndGlobalSection
	GlobalSection(ExtensibilityGlobals) = postSolution
		SolutionGuid = {A828E77E-A0E0-4841-942A-B86A1CA9E101}
	EndGlobalSection
EndGlobal
